// !$*UTF8*$!
{
	archiveVersion = 1;
	classes = {
	};
	objectVersion = 56;
	objects = {

/* Begin PBXBuildFile section */
		0676F41028F7550000D5D5C7 /* AppDelegate.swift in Sources */ = {isa = PBXBuildFile; fileRef = 0676F40F28F7550000D5D5C7 /* AppDelegate.swift */; };
		0676F41228F7550000D5D5C7 /* SceneDelegate.swift in Sources */ = {isa = PBXBuildFile; fileRef = 0676F41128F7550000D5D5C7 /* SceneDelegate.swift */; };
		0676F41428F7550000D5D5C7 /* PokemonListViewController.swift in Sources */ = {isa = PBXBuildFile; fileRef = 0676F41328F7550000D5D5C7 /* PokemonListViewController.swift */; };
		0676F41728F7550000D5D5C7 /* Main.storyboard in Resources */ = {isa = PBXBuildFile; fileRef = 0676F41528F7550000D5D5C7 /* Main.storyboard */; };
		0676F41A28F7550000D5D5C7 /* PokemonV1.xcdatamodeld in Sources */ = {isa = PBXBuildFile; fileRef = 0676F41828F7550000D5D5C7 /* PokemonV1.xcdatamodeld */; };
		0676F41C28F7550100D5D5C7 /* Assets.xcassets in Resources */ = {isa = PBXBuildFile; fileRef = 0676F41B28F7550100D5D5C7 /* Assets.xcassets */; };
		0676F41F28F7550100D5D5C7 /* LaunchScreen.storyboard in Resources */ = {isa = PBXBuildFile; fileRef = 0676F41D28F7550100D5D5C7 /* LaunchScreen.storyboard */; };
		0676F42728F755D100D5D5C7 /* Pokemon.swift in Sources */ = {isa = PBXBuildFile; fileRef = 0676F42628F755D100D5D5C7 /* Pokemon.swift */; };
		0676F42928F75A3C00D5D5C7 /* NetworkManager.swift in Sources */ = {isa = PBXBuildFile; fileRef = 0676F42828F75A3C00D5D5C7 /* NetworkManager.swift */; };
		0676F42B28F76B7100D5D5C7 /* PokemonViewCell.swift in Sources */ = {isa = PBXBuildFile; fileRef = 0676F42A28F76B7100D5D5C7 /* PokemonViewCell.swift */; };
/* End PBXBuildFile section */

/* Begin PBXFileReference section */
		0676F40C28F7550000D5D5C7 /* PokemonV1.app */ = {isa = PBXFileReference; explicitFileType = wrapper.application; includeInIndex = 0; path = PokemonV1.app; sourceTree = BUILT_PRODUCTS_DIR; };
		0676F40F28F7550000D5D5C7 /* AppDelegate.swift */ = {isa = PBXFileReference; lastKnownFileType = sourcecode.swift; path = AppDelegate.swift; sourceTree = "<group>"; };
		0676F41128F7550000D5D5C7 /* SceneDelegate.swift */ = {isa = PBXFileReference; lastKnownFileType = sourcecode.swift; path = SceneDelegate.swift; sourceTree = "<group>"; };
		0676F41328F7550000D5D5C7 /* PokemonListViewController.swift */ = {isa = PBXFileReference; lastKnownFileType = sourcecode.swift; path = PokemonListViewController.swift; sourceTree = "<group>"; };
		0676F41628F7550000D5D5C7 /* Base */ = {isa = PBXFileReference; lastKnownFileType = file.storyboard; name = Base; path = Base.lproj/Main.storyboard; sourceTree = "<group>"; };
		0676F41928F7550000D5D5C7 /* PokemonV1.xcdatamodel */ = {isa = PBXFileReference; lastKnownFileType = wrapper.xcdatamodel; path = PokemonV1.xcdatamodel; sourceTree = "<group>"; };
		0676F41B28F7550100D5D5C7 /* Assets.xcassets */ = {isa = PBXFileReference; lastKnownFileType = folder.assetcatalog; path = Assets.xcassets; sourceTree = "<group>"; };
		0676F41E28F7550100D5D5C7 /* Base */ = {isa = PBXFileReference; lastKnownFileType = file.storyboard; name = Base; path = Base.lproj/LaunchScreen.storyboard; sourceTree = "<group>"; };
		0676F42028F7550100D5D5C7 /* Info.plist */ = {isa = PBXFileReference; lastKnownFileType = text.plist.xml; path = Info.plist; sourceTree = "<group>"; };
		0676F42628F755D100D5D5C7 /* Pokemon.swift */ = {isa = PBXFileReference; lastKnownFileType = sourcecode.swift; path = Pokemon.swift; sourceTree = "<group>"; };
		0676F42828F75A3C00D5D5C7 /* NetworkManager.swift */ = {isa = PBXFileReference; lastKnownFileType = sourcecode.swift; path = NetworkManager.swift; sourceTree = "<group>"; };
		0676F42A28F76B7100D5D5C7 /* PokemonViewCell.swift */ = {isa = PBXFileReference; lastKnownFileType = sourcecode.swift; path = PokemonViewCell.swift; sourceTree = "<group>"; };
/* End PBXFileReference section */

/* Begin PBXFrameworksBuildPhase section */
		0676F40928F7550000D5D5C7 /* Frameworks */ = {
			isa = PBXFrameworksBuildPhase;
			buildActionMask = 2147483647;
			files = (
			);
			runOnlyForDeploymentPostprocessing = 0;
		};
/* End PBXFrameworksBuildPhase section */

/* Begin PBXGroup section */
		0676F40328F7550000D5D5C7 = {
			isa = PBXGroup;
			children = (
				0676F40E28F7550000D5D5C7 /* PokemonV1 */,
				0676F40D28F7550000D5D5C7 /* Products */,
			);
			sourceTree = "<group>";
		};
		0676F40D28F7550000D5D5C7 /* Products */ = {
			isa = PBXGroup;
			children = (
				0676F40C28F7550000D5D5C7 /* PokemonV1.app */,
			);
			name = Products;
			sourceTree = "<group>";
		};
		0676F40E28F7550000D5D5C7 /* PokemonV1 */ = {
			isa = PBXGroup;
			children = (
				0676F40F28F7550000D5D5C7 /* AppDelegate.swift */,
				0676F41128F7550000D5D5C7 /* SceneDelegate.swift */,
				0676F41328F7550000D5D5C7 /* PokemonListViewController.swift */,
				0676F42A28F76B7100D5D5C7 /* PokemonViewCell.swift */,
				0676F42628F755D100D5D5C7 /* Pokemon.swift */,
				0676F42828F75A3C00D5D5C7 /* NetworkManager.swift */,
				0676F41528F7550000D5D5C7 /* Main.storyboard */,
				0676F41B28F7550100D5D5C7 /* Assets.xcassets */,
				0676F41D28F7550100D5D5C7 /* LaunchScreen.storyboard */,
				0676F42028F7550100D5D5C7 /* Info.plist */,
				0676F41828F7550000D5D5C7 /* PokemonV1.xcdatamodeld */,
			);
			path = PokemonV1;
			sourceTree = "<group>";
		};
/* End PBXGroup section */

/* Begin PBXNativeTarget section */
		0676F40B28F7550000D5D5C7 /* PokemonV1 */ = {
			isa = PBXNativeTarget;
			buildConfigurationList = 0676F42328F7550100D5D5C7 /* Build configuration list for PBXNativeTarget "PokemonV1" */;
			buildPhases = (
				0676F40828F7550000D5D5C7 /* Sources */,
				0676F40928F7550000D5D5C7 /* Frameworks */,
				0676F40A28F7550000D5D5C7 /* Resources */,
			);
			buildRules = (
			);
			dependencies = (
			);
			name = PokemonV1;
			productName = PokemonV1;
			productReference = 0676F40C28F7550000D5D5C7 /* PokemonV1.app */;
			productType = "com.apple.product-type.application";
		};
/* End PBXNativeTarget section */

/* Begin PBXProject section */
		0676F40428F7550000D5D5C7 /* Project object */ = {
			isa = PBXProject;
			attributes = {
				BuildIndependentTargetsInParallel = 1;
				LastSwiftUpdateCheck = 1400;
				LastUpgradeCheck = 1400;
				TargetAttributes = {
					0676F40B28F7550000D5D5C7 = {
						CreatedOnToolsVersion = 14.0.1;
					};
				};
			};
			buildConfigurationList = 0676F40728F7550000D5D5C7 /* Build configuration list for PBXProject "PokemonV1" */;
			compatibilityVersion = "Xcode 14.0";
			developmentRegion = en;
			hasScannedForEncodings = 0;
			knownRegions = (
				en,
				Base,
			);
			mainGroup = 0676F40328F7550000D5D5C7;
			productRefGroup = 0676F40D28F7550000D5D5C7 /* Products */;
			projectDirPath = "";
			projectRoot = "";
			targets = (
				0676F40B28F7550000D5D5C7 /* PokemonV1 */,
			);
		};
/* End PBXProject section */

/* Begin PBXResourcesBuildPhase section */
		0676F40A28F7550000D5D5C7 /* Resources */ = {
			isa = PBXResourcesBuildPhase;
			buildActionMask = 2147483647;
			files = (
				0676F41F28F7550100D5D5C7 /* LaunchScreen.storyboard in Resources */,
				0676F41C28F7550100D5D5C7 /* Assets.xcassets in Resources */,
				0676F41728F7550000D5D5C7 /* Main.storyboard in Resources */,
			);
			runOnlyForDeploymentPostprocessing = 0;
		};
/* End PBXResourcesBuildPhase section */

/* Begin PBXSourcesBuildPhase section */
		0676F40828F7550000D5D5C7 /* Sources */ = {
			isa = PBXSourcesBuildPhase;
			buildActionMask = 2147483647;
			files = (
				0676F42928F75A3C00D5D5C7 /* NetworkManager.swift in Sources */,
				0676F42728F755D100D5D5C7 /* Pokemon.swift in Sources */,
				0676F41428F7550000D5D5C7 /* PokemonListViewController.swift in Sources */,
				0676F42B28F76B7100D5D5C7 /* PokemonViewCell.swift in Sources */,
				0676F41028F7550000D5D5C7 /* AppDelegate.swift in Sources */,
				0676F41A28F7550000D5D5C7 /* PokemonV1.xcdatamodeld in Sources */,
				0676F41228F7550000D5D5C7 /* SceneDelegate.swift in Sources */,
			);
			runOnlyForDeploymentPostprocessing = 0;
		};
/* End PBXSourcesBuildPhase section */

/* Begin PBXVariantGroup section */
		0676F41528F7550000D5D5C7 /* Main.storyboard */ = {
			isa = PBXVariantGroup;
			children = (
				0676F41628F7550000D5D5C7 /* Base */,
			);
			name = Main.storyboard;
			sourceTree = "<group>";
		};
		0676F41D28F7550100D5D5C7 /* LaunchScreen.storyboard */ = {
			isa = PBXVariantGroup;
			children = (
				0676F41E28F7550100D5D5C7 /* Base */,
			);
			name = LaunchScreen.storyboard;
			sourceTree = "<group>";
		};
/* End PBXVariantGroup section */

/* Begin XCBuildConfiguration section */
		0676F42128F7550100D5D5C7 /* Debug */ = {
			isa = XCBuildConfiguration;
			buildSettings = {
				ALWAYS_SEARCH_USER_PATHS = NO;
				CLANG_ANALYZER_NONNULL = YES;
				CLANG_ANALYZER_NUMBER_OBJECT_CONVERSION = YES_AGGRESSIVE;
				CLANG_CXX_LANGUAGE_STANDARD = "gnu++20";
				CLANG_ENABLE_MODULES = YES;
				CLANG_ENABLE_OBJC_ARC = YES;
				CLANG_ENABLE_OBJC_WEAK = YES;
				CLANG_WARN_BLOCK_CAPTURE_AUTORELEASING = YES;
				CLANG_WARN_BOOL_CONVERSION = YES;
				CLANG_WARN_COMMA = YES;
				CLANG_WARN_CONSTANT_CONVERSION = YES;
				CLANG_WARN_DEPRECATED_OBJC_IMPLEMENTATIONS = YES;
				CLANG_WARN_DIRECT_OBJC_ISA_USAGE = YES_ERROR;
				CLANG_WARN_DOCUMENTATION_COMMENTS = YES;
				CLANG_WARN_EMPTY_BODY = YES;
				CLANG_WARN_ENUM_CONVERSION = YES;
				CLANG_WARN_INFINITE_RECURSION = YES;
				CLANG_WARN_INT_CONVERSION = YES;
				CLANG_WARN_NON_LITERAL_NULL_CONVERSION = YES;
				CLANG_WARN_OBJC_IMPLICIT_RETAIN_SELF = YES;
				CLANG_WARN_OBJC_LITERAL_CONVERSION = YES;
				CLANG_WARN_OBJC_ROOT_CLASS = YES_ERROR;
				CLANG_WARN_QUOTED_INCLUDE_IN_FRAMEWORK_HEADER = YES;
				CLANG_WARN_RANGE_LOOP_ANALYSIS = YES;
				CLANG_WARN_STRICT_PROTOTYPES = YES;
				CLANG_WARN_SUSPICIOUS_MOVE = YES;
				CLANG_WARN_UNGUARDED_AVAILABILITY = YES_AGGRESSIVE;
				CLANG_WARN_UNREACHABLE_CODE = YES;
				CLANG_WARN__DUPLICATE_METHOD_MATCH = YES;
				COPY_PHASE_STRIP = NO;
				DEBUG_INFORMATION_FORMAT = dwarf;
				ENABLE_STRICT_OBJC_MSGSEND = YES;
				ENABLE_TESTABILITY = YES;
				GCC_C_LANGUAGE_STANDARD = gnu11;
				GCC_DYNAMIC_NO_PIC = NO;
				GCC_NO_COMMON_BLOCKS = YES;
				GCC_OPTIMIZATION_LEVEL = 0;
				GCC_PREPROCESSOR_DEFINITIONS = (
					"DEBUG=1",
					"$(inherited)",
				);
				GCC_WARN_64_TO_32_BIT_CONVERSION = YES;
				GCC_WARN_ABOUT_RETURN_TYPE = YES_ERROR;
				GCC_WARN_UNDECLARED_SELECTOR = YES;
				GCC_WARN_UNINITIALIZED_AUTOS = YES_AGGRESSIVE;
				GCC_WARN_UNUSED_FUNCTION = YES;
				GCC_WARN_UNUSED_VARIABLE = YES;
				IPHONEOS_DEPLOYMENT_TARGET = 16.0;
				MTL_ENABLE_DEBUG_INFO = INCLUDE_SOURCE;
				MTL_FAST_MATH = YES;
				ONLY_ACTIVE_ARCH = YES;
				SDKROOT = iphoneos;
				SWIFT_ACTIVE_COMPILATION_CONDITIONS = DEBUG;
				SWIFT_OPTIMIZATION_LEVEL = "-Onone";
			};
			name = Debug;
		};
		0676F42228F7550100D5D5C7 /* Release */ = {
			isa = XCBuildConfiguration;
			buildSettings = {
				ALWAYS_SEARCH_USER_PATHS = NO;
				CLANG_ANALYZER_NONNULL = YES;
				CLANG_ANALYZER_NUMBER_OBJECT_CONVERSION = YES_AGGRESSIVE;
				CLANG_CXX_LANGUAGE_STANDARD = "gnu++20";
				CLANG_ENABLE_MODULES = YES;
				CLANG_ENABLE_OBJC_ARC = YES;
				CLANG_ENABLE_OBJC_WEAK = YES;
				CLANG_WARN_BLOCK_CAPTURE_AUTORELEASING = YES;
				CLANG_WARN_BOOL_CONVERSION = YES;
				CLANG_WARN_COMMA = YES;
				CLANG_WARN_CONSTANT_CONVERSION = YES;
				CLANG_WARN_DEPRECATED_OBJC_IMPLEMENTATIONS = YES;
				CLANG_WARN_DIRECT_OBJC_ISA_USAGE = YES_ERROR;
				CLANG_WARN_DOCUMENTATION_COMMENTS = YES;
				CLANG_WARN_EMPTY_BODY = YES;
				CLANG_WARN_ENUM_CONVERSION = YES;
				CLANG_WARN_INFINITE_RECURSION = YES;
				CLANG_WARN_INT_CONVERSION = YES;
				CLANG_WARN_NON_LITERAL_NULL_CONVERSION = YES;
				CLANG_WARN_OBJC_IMPLICIT_RETAIN_SELF = YES;
				CLANG_WARN_OBJC_LITERAL_CONVERSION = YES;
				CLANG_WARN_OBJC_ROOT_CLASS = YES_ERROR;
				CLANG_WARN_QUOTED_INCLUDE_IN_FRAMEWORK_HEADER = YES;
				CLANG_WARN_RANGE_LOOP_ANALYSIS = YES;
				CLANG_WARN_STRICT_PROTOTYPES = YES;
				CLANG_WARN_SUSPICIOUS_MOVE = YES;
				CLANG_WARN_UNGUARDED_AVAILABILITY = YES_AGGRESSIVE;
				CLANG_WARN_UNREACHABLE_CODE = YES;
				CLANG_WARN__DUPLICATE_METHOD_MATCH = YES;
				COPY_PHASE_STRIP = NO;
				DEBUG_INFORMATION_FORMAT = "dwarf-with-dsym";
				ENABLE_NS_ASSERTIONS = NO;
				ENABLE_STRICT_OBJC_MSGSEND = YES;
				GCC_C_LANGUAGE_STANDARD = gnu11;
				GCC_NO_COMMON_BLOCKS = YES;
				GCC_WARN_64_TO_32_BIT_CONVERSION = YES;
				GCC_WARN_ABOUT_RETURN_TYPE = YES_ERROR;
				GCC_WARN_UNDECLARED_SELECTOR = YES;
				GCC_WARN_UNINITIALIZED_AUTOS = YES_AGGRESSIVE;
				GCC_WARN_UNUSED_FUNCTION = YES;
				GCC_WARN_UNUSED_VARIABLE = YES;
				IPHONEOS_DEPLOYMENT_TARGET = 16.0;
				MTL_ENABLE_DEBUG_INFO = NO;
				MTL_FAST_MATH = YES;
				SDKROOT = iphoneos;
				SWIFT_COMPILATION_MODE = wholemodule;
				SWIFT_OPTIMIZATION_LEVEL = "-O";
				VALIDATE_PRODUCT = YES;
			};
			name = Release;
		};
		0676F42428F7550100D5D5C7 /* Debug */ = {
			isa = XCBuildConfiguration;
			buildSettings = {
				ASSETCATALOG_COMPILER_APPICON_NAME = AppIcon;
				ASSETCATALOG_COMPILER_GLOBAL_ACCENT_COLOR_NAME = AccentColor;
				CODE_SIGN_STYLE = Automatic;
				CURRENT_PROJECT_VERSION = 1;
				DEVELOPMENT_TEAM = VQ5VJ2W2YB;
				GENERATE_INFOPLIST_FILE = YES;
				INFOPLIST_FILE = PokemonV1/Info.plist;
				INFOPLIST_KEY_UIApplicationSupportsIndirectInputEvents = YES;
				INFOPLIST_KEY_UILaunchStoryboardName = LaunchScreen;
				INFOPLIST_KEY_UIMainStoryboardFile = Main;
				INFOPLIST_KEY_UISupportedInterfaceOrientations_iPad = "UIInterfaceOrientationPortrait UIInterfaceOrientationPortraitUpsideDown UIInterfaceOrientationLandscapeLeft UIInterfaceOrientationLandscapeRight";
				INFOPLIST_KEY_UISupportedInterfaceOrientations_iPhone = "UIInterfaceOrientationPortrait UIInterfaceOrientationLandscapeLeft UIInterfaceOrientationLandscapeRight";
				LD_RUNPATH_SEARCH_PATHS = (
					"$(inherited)",
					"@executable_path/Frameworks",
				);
				MARKETING_VERSION = 1.0;
				PRODUCT_BUNDLE_IDENTIFIER = ru.swiftbook.PokemonV1;
				PRODUCT_NAME = "$(TARGET_NAME)";
				SWIFT_EMIT_LOC_STRINGS = YES;
				SWIFT_VERSION = 5.0;
				TARGETED_DEVICE_FAMILY = "1,2";
			};
			name = Debug;
		};
		0676F42528F7550100D5D5C7 /* Release */ = {
			isa = XCBuildConfiguration;
			buildSettings = {
				ASSETCATALOG_COMPILER_APPICON_NAME = AppIcon;
				ASSETCATALOG_COMPILER_GLOBAL_ACCENT_COLOR_NAME = AccentColor;
				CODE_SIGN_STYLE = Automatic;
				CURRENT_PROJECT_VERSION = 1;
				DEVELOPMENT_TEAM = VQ5VJ2W2YB;
				GENERATE_INFOPLIST_FILE = YES;
				INFOPLIST_FILE = PokemonV1/Info.plist;
				INFOPLIST_KEY_UIApplicationSupportsIndirectInputEvents = YES;
				INFOPLIST_KEY_UILaunchStoryboardName = LaunchScreen;
				INFOPLIST_KEY_UIMainStoryboardFile = Main;
				INFOPLIST_KEY_UISupportedInterfaceOrientations_iPad = "UIInterfaceOrientationPortrait UIInterfaceOrientationPortraitUpsideDown UIInterfaceOrientationLandscapeLeft UIInterfaceOrientationLandscapeRight";
				INFOPLIST_KEY_UISupportedInterfaceOrientations_iPhone = "UIInterfaceOrientationPortrait UIInterfaceOrientationLandscapeLeft UIInterfaceOrientationLandscapeRight";
				LD_RUNPATH_SEARCH_PATHS = (
					"$(inherited)",
					"@executable_path/Frameworks",
				);
				MARKETING_VERSION = 1.0;
				PRODUCT_BUNDLE_IDENTIFIER = ru.swiftbook.PokemonV1;
				PRODUCT_NAME = "$(TARGET_NAME)";
				SWIFT_EMIT_LOC_STRINGS = YES;
				SWIFT_VERSION = 5.0;
				TARGETED_DEVICE_FAMILY = "1,2";
			};
			name = Release;
		};
/* End XCBuildConfiguration section */

/* Begin XCConfigurationList section */
		0676F40728F7550000D5D5C7 /* Build configuration list for PBXProject "PokemonV1" */ = {
			isa = XCConfigurationList;
			buildConfigurations = (
				0676F42128F7550100D5D5C7 /* Debug */,
				0676F42228F7550100D5D5C7 /* Release */,
			);
			defaultConfigurationIsVisible = 0;
			defaultConfigurationName = Release;
		};
		0676F42328F7550100D5D5C7 /* Build configuration list for PBXNativeTarget "PokemonV1" */ = {
			isa = XCConfigurationList;
			buildConfigurations = (
				0676F42428F7550100D5D5C7 /* Debug */,
				0676F42528F7550100D5D5C7 /* Release */,
			);
			defaultConfigurationIsVisible = 0;
			defaultConfigurationName = Release;
		};
/* End XCConfigurationList section */

/* Begin XCVersionGroup section */
		0676F41828F7550000D5D5C7 /* PokemonV1.xcdatamodeld */ = {
			isa = XCVersionGroup;
			children = (
				0676F41928F7550000D5D5C7 /* PokemonV1.xcdatamodel */,
			);
			currentVersion = 0676F41928F7550000D5D5C7 /* PokemonV1.xcdatamodel */;
			path = PokemonV1.xcdatamodeld;
			sourceTree = "<group>";
			versionGroupType = wrapper.xcdatamodel;
		};
/* End XCVersionGroup section */
	};
	rootObject = 0676F40428F7550000D5D5C7 /* Project object */;
}
